
Microsoft Visual Studio Solution File, Format Version 12.00
# Visual Studio 15
VisualStudioVersion = 15.0.28307.438
MinimumVisualStudioVersion = 10.0.40219.1
Project("{FAE04EC0-301F-11D3-BF4B-00C04F79EFBC}") = "FCC_License_View_API", "FCCapi\FCC_License_View_API.csproj", "{593D90A6-E390-4E8F-B5A3-A5B16FCCE8D2}"
EndProject
Global
	GlobalSection(SolutionConfigurationPlatforms) = preSolution
		Debug|Any CPU = Debug|Any CPU
		Release|Any CPU = Release|Any CPU
	EndGlobalSection
	GlobalSection(ProjectConfigurationPlatforms) = postSolution
		{593D90A6-E390-4E8F-B5A3-A5B16FCCE8D2}.Debug|Any CPU.ActiveCfg = Debug|Any CPU
		{593D90A6-E390-4E8F-B5A3-A5B16FCCE8D2}.Debug|Any CPU.Build.0 = Debug|Any CPU
		{593D90A6-E390-4E8F-B5A3-A5B16FCCE8D2}.Release|Any CPU.ActiveCfg = Release|Any CPU
		{593D90A6-E390-4E8F-B5A3-A5B16FCCE8D2}.Release|Any CPU.Build.0 = Release|Any CPU
	EndGlobalSection
	GlobalSection(SolutionProperties) = preSolution
		HideSolutionNode = FALSE
	EndGlobalSection
	GlobalSection(ExtensibilityGlobals) = postSolution
		SolutionGuid = {D38B560F-A812-4104-8FB4-49C5C7A14E48}
	EndGlobalSection
EndGlobal
